<Solution>
  <Folder Name="/scripts/">
    <Project Path="scripts/PiperDownloadTool/PiperDownloadTool.csproj" />
  </Folder>
  <Folder Name="/Tests/">
    <Project Path="tests/JarvisNet.Audio.IntegrationTests/JarvisNet.Audio.IntegrationTests.csproj" />
    <Project Path="tests/JarvisNet.Audio.TestApp/JarvisNet.Audio.TestApp.csproj" />
    <Project Path="tests/JarvisNet.Audio.UnitTests/JarvisNet.Audio.UnitTests.csproj" />
    <Project Path="tests/JarvisNet.Engine.IntegrationTests/JarvisNet.Engine.IntegrationTests.csproj" />
    <Project Path="tests/JarvisNet.Engine.TestApp/JarvisNet.Engine.TestApp.csproj" />
    <Project Path="tests/JarvisNet.Engine.UnitTests/JarvisNet.Engine.UnitTests.csproj" />
    <Project Path="tests/JarvisNet.IntegrationTests/JarvisNet.IntegrationTests.csproj" />
    <Project Path="tests/JarvisNet.UnitTests/JarvisNet.UnitTests.csproj" />
    <Project Path="tests/JarvisNet.UI.TestApp/JarvisNet.UI.TestApp.csproj" />
  </Folder>
  <Project Path="src/JarvisNet.Audio/JarvisNet.Audio.csproj" Id="6591c1df-7131-48a6-a69c-780a15149f22" />
  <Project Path="src/JarvisNet.Core/JarvisNet.Core.csproj" Id="05d62d4b-f7c7-4093-9b23-75e876729678" />
  <Project Path="src/JarvisNet.Engine/JarvisNet.Engine.csproj" Id="9bd24a06-6a0b-4624-81d7-2f9f0babaee8" />
  <Project Path="src/JarvisNet.Plugins.Sdk/JarvisNet.Plugins.Sdk.csproj" />
  <Project Path="src/JarvisNet.UI/JarvisNet.UI.csproj" />
</Solution>
